// !$*UTF8*$!
{
	archiveVersion = 1;
	classes = {
	};
	objectVersion = 46;
	objects = {

/* Begin PBXBuildFile section */
		E640B9281F2DF95400996D2C /* AppDelegate.swift in Sources */ = {isa = PBXBuildFile; fileRef = E640B9271F2DF95400996D2C /* AppDelegate.swift */; };
		E640B92A1F2DF95400996D2C /* ViewController.swift in Sources */ = {isa = PBXBuildFile; fileRef = E640B9291F2DF95400996D2C /* ViewController.swift */; };
		E640B92D1F2DF95400996D2C /* Main.storyboard in Resources */ = {isa = PBXBuildFile; fileRef = E640B92B1F2DF95400996D2C /* Main.storyboard */; };
		E640B92F1F2DF95400996D2C /* Assets.xcassets in Resources */ = {isa = PBXBuildFile; fileRef = E640B92E1F2DF95400996D2C /* Assets.xcassets */; };
		E640B9321F2DF95400996D2C /* LaunchScreen.storyboard in Resources */ = {isa = PBXBuildFile; fileRef = E640B9301F2DF95400996D2C /* LaunchScreen.storyboard */; };
/* End PBXBuildFile section */

/* Begin PBXFileReference section */
		E640B9241F2DF95400996D2C /* PetersPrimeNumbers.app */ = {isa = PBXFileReference; explicitFileType = wrapper.application; includeInIndex = 0; path = PetersPrimeNumbers.app; sourceTree = BUILT_PRODUCTS_DIR; };
		E640B9271F2DF95400996D2C /* AppDelegate.swift */ = {isa = PBXFileReference; lastKnownFileType = sourcecode.swift; path = AppDelegate.swift; sourceTree = "<group>"; };
		E640B9291F2DF95400996D2C /* ViewController.swift */ = {isa = PBXFileReference; lastKnownFileType = sourcecode.swift; path = ViewController.swift; sourceTree = "<group>"; };
		E640B92C1F2DF95400996D2C /* Base */ = {isa = PBXFileReference; lastKnownFileType = file.storyboard; name = Base; path = Base.lproj/Main.storyboard; sourceTree = "<group>"; };
		E640B92E1F2DF95400996D2C /* Assets.xcassets */ = {isa = PBXFileReference; lastKnownFileType = folder.assetcatalog; path = Assets.xcassets; sourceTree = "<group>"; };
		E640B9311F2DF95400996D2C /* Base */ = {isa = PBXFileReference; lastKnownFileType = file.storyboard; name = Base; path = Base.lproj/LaunchScreen.storyboard; sourceTree = "<group>"; };
		E640B9331F2DF95400996D2C /* Info.plist */ = {isa = PBXFileReference; lastKnownFileType = text.plist.xml; path = Info.plist; sourceTree = "<group>"; };
/* End PBXFileReference section */

/* Begin PBXFrameworksBuildPhase section */
		E640B9211F2DF95400996D2C /* Frameworks */ = {
			isa = PBXFrameworksBuildPhase;
			buildActionMask = 2147483647;
			files = (
			);
			runOnlyForDeploymentPostprocessing = 0;
		};
/* End PBXFrameworksBuildPhase section */

/* Begin PBXGroup section */
		E640B91B1F2DF95400996D2C = {
			isa = PBXGroup;
			children = (
				E640B9261F2DF95400996D2C /* PetersPrimeNumbers */,
				E640B9251F2DF95400996D2C /* Products */,
			);
			sourceTree = "<group>";
		};
		E640B9251F2DF95400996D2C /* Products */ = {
			isa = PBXGroup;
			children = (
				E640B9241F2DF95400996D2C /* PetersPrimeNumbers.app */,
			);
			name = Products;
			sourceTree = "<group>";
		};
		E640B9261F2DF95400996D2C /* PetersPrimeNumbers */ = {
			isa = PBXGroup;
			children = (
				E640B9271F2DF95400996D2C /* AppDelegate.swift */,
				E640B9291F2DF95400996D2C /* ViewController.swift */,
				E640B92B1F2DF95400996D2C /* Main.storyboard */,
				E640B92E1F2DF95400996D2C /* Assets.xcassets */,
				E640B9301F2DF95400996D2C /* LaunchScreen.storyboard */,
				E640B9331F2DF95400996D2C /* Info.plist */,
			);
			path = PetersPrimeNumbers;
			sourceTree = "<group>";
		};
/* End PBXGroup section */

/* Begin PBXNativeTarget section */
		E640B9231F2DF95400996D2C /* PetersPrimeNumbers */ = {
			isa = PBXNativeTarget;
			buildConfigurationList = E640B9361F2DF95400996D2C /* Build configuration list for PBXNativeTarget "PetersPrimeNumbers" */;
			buildPhases = (
				E640B9201F2DF95400996D2C /* Sources */,
				E640B9211F2DF95400996D2C /* Frameworks */,
				E640B9221F2DF95400996D2C /* Resources */,
			);
			buildRules = (
			);
			dependencies = (
			);
			name = PetersPrimeNumbers;
			productName = PetersPrimeNumbers;
			productReference = E640B9241F2DF95400996D2C /* PetersPrimeNumbers.app */;
			productType = "com.apple.product-type.application";
		};
/* End PBXNativeTarget section */

/* Begin PBXProject section */
		E640B91C1F2DF95400996D2C /* Project object */ = {
			isa = PBXProject;
			attributes = {
				LastSwiftUpdateCheck = 0820;
				LastUpgradeCheck = 0820;
				ORGANIZATIONNAME = fromMyWindow;
				TargetAttributes = {
					E640B9231F2DF95400996D2C = {
						CreatedOnToolsVersion = 8.2.1;
						ProvisioningStyle = Automatic;
					};
				};
			};
			buildConfigurationList = E640B91F1F2DF95400996D2C /* Build configuration list for PBXProject "PetersPrimeNumbers" */;
			compatibilityVersion = "Xcode 3.2";
			developmentRegion = English;
			hasScannedForEncodings = 0;
			knownRegions = (
				en,
				Base,
			);
			mainGroup = E640B91B1F2DF95400996D2C;
			productRefGroup = E640B9251F2DF95400996D2C /* Products */;
			projectDirPath = "";
			projectRoot = "";
			targets = (
				E640B9231F2DF95400996D2C /* PetersPrimeNumbers */,
			);
		};
/* End PBXProject section */

/* Begin PBXResourcesBuildPhase section */
		E640B9221F2DF95400996D2C /* Resources */ = {
			isa = PBXResourcesBuildPhase;
			buildActionMask = 2147483647;
			files = (
				E640B9321F2DF95400996D2C /* LaunchScreen.storyboard in Resources */,
				E640B92F1F2DF95400996D2C /* Assets.xcassets in Resources */,
				E640B92D1F2DF95400996D2C /* Main.storyboard in Resources */,
			);
			runOnlyForDeploymentPostprocessing = 0;
		};
/* End PBXResourcesBuildPhase section */

/* Begin PBXSourcesBuildPhase section */
		E640B9201F2DF95400996D2C /* Sources */ = {
			isa = PBXSourcesBuildPhase;
			buildActionMask = 2147483647;
			files = (
				E640B92A1F2DF95400996D2C /* ViewController.swift in Sources */,
				E640B9281F2DF95400996D2C /* AppDelegate.swift in Sources */,
			);
			runOnlyForDeploymentPostprocessing = 0;
		};
/* End PBXSourcesBuildPhase section */

/* Begin PBXVariantGroup section */
		E640B92B1F2DF95400996D2C /* Main.storyboard */ = {
			isa = PBXVariantGroup;
			children = (
				E640B92C1F2DF95400996D2C /* Base */,
			);
			name = Main.storyboard;
			sourceTree = "<group>";
		};
		E640B9301F2DF95400996D2C /* LaunchScreen.storyboard */ = {
			isa = PBXVariantGroup;
			children = (
				E640B9311F2DF95400996D2C /* Base */,
			);
			name = LaunchScreen.storyboard;
			sourceTree = "<group>";
		};
/* End PBXVariantGroup section */

/* Begin XCBuildConfiguration section */
		E640B9341F2DF95400996D2C /* Debug */ = {
			isa = XCBuildConfiguration;
			buildSettings = {
				ALWAYS_SEARCH_USER_PATHS = NO;
				CLANG_ANALYZER_NONNULL = YES;
				CLANG_CXX_LANGUAGE_STANDARD = "gnu++0x";
				CLANG_CXX_LIBRARY = "libc++";
				CLANG_ENABLE_MODULES = YES;
				CLANG_ENABLE_OBJC_ARC = YES;
				CLANG_WARN_BOOL_CONVERSION = YES;
				CLANG_WARN_CONSTANT_CONVERSION = YES;
				CLANG_WARN_DIRECT_OBJC_ISA_USAGE = YES_ERROR;
				CLANG_WARN_DOCUMENTATION_COMMENTS = YES;
				CLANG_WARN_EMPTY_BODY = YES;
				CLANG_WARN_ENUM_CONVERSION = YES;
				CLANG_WARN_INFINITE_RECURSION = YES;
				CLANG_WARN_INT_CONVERSION = YES;
				CLANG_WARN_OBJC_ROOT_CLASS = YES_ERROR;
				CLANG_WARN_SUSPICIOUS_MOVE = YES;
				CLANG_WARN_UNREACHABLE_CODE = YES;
				CLANG_WARN__DUPLICATE_METHOD_MATCH = YES;
				"CODE_SIGN_IDENTITY[sdk=iphoneos*]" = "iPhone Developer";
				COPY_PHASE_STRIP = NO;
				DEBUG_INFORMATION_FORMAT = dwarf;
				ENABLE_STRICT_OBJC_MSGSEND = YES;
				ENABLE_TESTABILITY = YES;
				GCC_C_LANGUAGE_STANDARD = gnu99;
				GCC_DYNAMIC_NO_PIC = NO;
				GCC_NO_COMMON_BLOCKS = YES;
				GCC_OPTIMIZATION_LEVEL = 0;
				GCC_PREPROCESSOR_DEFINITIONS = (
					"DEBUG=1",
					"$(inherited)",
				);
				GCC_WARN_64_TO_32_BIT_CONVERSION = YES;
				GCC_WARN_ABOUT_RETURN_TYPE = YES_ERROR;
				GCC_WARN_UNDECLARED_SELECTOR = YES;
				GCC_WARN_UNINITIALIZED_AUTOS = YES_AGGRESSIVE;
				GCC_WARN_UNUSED_FUNCTION = YES;
				GCC_WARN_UNUSED_VARIABLE = YES;
				IPHONEOS_DEPLOYMENT_TARGET = 10.2;
				MTL_ENABLE_DEBUG_INFO = YES;
				ONLY_ACTIVE_ARCH = YES;
				SDKROOT = iphoneos;
				SWIFT_ACTIVE_COMPILATION_CONDITIONS = DEBUG;
				SWIFT_OPTIMIZATION_LEVEL = "-Onone";
				TARGETED_DEVICE_FAMILY = "1,2";
			};
			name = Debug;
		};
		E640B9351F2DF95400996D2C /* Release */ = {
			isa = XCBuildConfiguration;
			buildSettings = {
				ALWAYS_SEARCH_USER_PATHS = NO;
				CLANG_ANALYZER_NONNULL = YES;
				CLANG_CXX_LANGUAGE_STANDARD = "gnu++0x";
				CLANG_CXX_LIBRARY = "libc++";
				CLANG_ENABLE_MODULES = YES;
				CLANG_ENABLE_OBJC_ARC = YES;
				CLANG_WARN_BOOL_CONVERSION = YES;
				CLANG_WARN_CONSTANT_CONVERSION = YES;
				CLANG_WARN_DIRECT_OBJC_ISA_USAGE = YES_ERROR;
				CLANG_WARN_DOCUMENTATION_COMMENTS = YES;
				CLANG_WARN_EMPTY_BODY = YES;
				CLANG_WARN_ENUM_CONVERSION = YES;
				CLANG_WARN_INFINITE_RECURSION = YES;
				CLANG_WARN_INT_CONVERSION = YES;
				CLANG_WARN_OBJC_ROOT_CLASS = YES_ERROR;
				CLANG_WARN_SUSPICIOUS_MOVE = YES;
				CLANG_WARN_UNREACHABLE_CODE = YES;
				CLANG_WARN__DUPLICATE_METHOD_MATCH = YES;
				"CODE_SIGN_IDENTITY[sdk=iphoneos*]" = "iPhone Developer";
				COPY_PHASE_STRIP = NO;
				DEBUG_INFORMATION_FORMAT = "dwarf-with-dsym";
				ENABLE_NS_ASSERTIONS = NO;
				ENABLE_STRICT_OBJC_MSGSEND = YES;
				GCC_C_LANGUAGE_STANDARD = gnu99;
				GCC_NO_COMMON_BLOCKS = YES;
				GCC_WARN_64_TO_32_BIT_CONVERSION = YES;
				GCC_WARN_ABOUT_RETURN_TYPE = YES_ERROR;
				GCC_WARN_UNDECLARED_SELECTOR = YES;
				GCC_WARN_UNINITIALIZED_AUTOS = YES_AGGRESSIVE;
				GCC_WARN_UNUSED_FUNCTION = YES;
				GCC_WARN_UNUSED_VARIABLE = YES;
				IPHONEOS_DEPLOYMENT_TARGET = 10.2;
				MTL_ENABLE_DEBUG_INFO = NO;
				SDKROOT = iphoneos;
				SWIFT_OPTIMIZATION_LEVEL = "-Owholemodule";
				TARGETED_DEVICE_FAMILY = "1,2";
				VALIDATE_PRODUCT = YES;
			};
			name = Release;
		};
		E640B9371F2DF95400996D2C /* Debug */ = {
			isa = XCBuildConfiguration;
			buildSettings = {
				ASSETCATALOG_COMPILER_APPICON_NAME = AppIcon;
				INFOPLIST_FILE = PetersPrimeNumbers/Info.plist;
				LD_RUNPATH_SEARCH_PATHS = "$(inherited) @executable_path/Frameworks";
				PRODUCT_BUNDLE_IDENTIFIER = com.PeterCarruthers.PetersPrimeNumbers;
				PRODUCT_NAME = "$(TARGET_NAME)";
				SWIFT_VERSION = 3.0;
			};
			name = Debug;
		};
		E640B9381F2DF95400996D2C /* Release */ = {
			isa = XCBuildConfiguration;
			buildSettings = {
				ASSETCATALOG_COMPILER_APPICON_NAME = AppIcon;
				INFOPLIST_FILE = PetersPrimeNumbers/Info.plist;
				LD_RUNPATH_SEARCH_PATHS = "$(inherited) @executable_path/Frameworks";
				PRODUCT_BUNDLE_IDENTIFIER = com.PeterCarruthers.PetersPrimeNumbers;
				PRODUCT_NAME = "$(TARGET_NAME)";
				SWIFT_VERSION = 3.0;
			};
			name = Release;
		};
/* End XCBuildConfiguration section */

/* Begin XCConfigurationList section */
		E640B91F1F2DF95400996D2C /* Build configuration list for PBXProject "PetersPrimeNumbers" */ = {
			isa = XCConfigurationList;
			buildConfigurations = (
				E640B9341F2DF95400996D2C /* Debug */,
				E640B9351F2DF95400996D2C /* Release */,
			);
			defaultConfigurationIsVisible = 0;
			defaultConfigurationName = Release;
		};
		E640B9361F2DF95400996D2C /* Build configuration list for PBXNativeTarget "PetersPrimeNumbers" */ = {
			isa = XCConfigurationList;
			buildConfigurations = (
				E640B9371F2DF95400996D2C /* Debug */,
				E640B9381F2DF95400996D2C /* Release */,
			);
			defaultConfigurationIsVisible = 0;
		};
/* End XCConfigurationList section */
	};
	rootObject = E640B91C1F2DF95400996D2C /* Project object */;
}
